
Microsoft Visual Studio Solution File, Format Version 12.00
# Visual Studio Version 17
VisualStudioVersion = 17.7.34202.233
MinimumVisualStudioVersion = 10.0.40219.1
Project("{9A19103F-16F7-4668-BE54-9A1E7A4F7556}") = "Tema2_Curs3", "Exemplu1_Curs2\Tema2_Curs3.csproj", "{74451B45-D20C-4654-BCC0-0C0758CE970B}"
EndProject
Project("{9A19103F-16F7-4668-BE54-9A1E7A4F7556}") = "TestProject1", "TestProject1\TestProject1.csproj", "{2938F991-01D9-46BA-968A-C709412B5B93}"
EndProject
Global
	GlobalSection(SolutionConfigurationPlatforms) = preSolution
		Debug|Any CPU = Debug|Any CPU
		Release|Any CPU = Release|Any CPU
	EndGlobalSection
	GlobalSection(ProjectConfigurationPlatforms) = postSolution
		{74451B45-D20C-4654-BCC0-0C0758CE970B}.Debug|Any CPU.ActiveCfg = Debug|Any CPU
		{74451B45-D20C-4654-BCC0-0C0758CE970B}.Debug|Any CPU.Build.0 = Debug|Any CPU
		{74451B45-D20C-4654-BCC0-0C0758CE970B}.Release|Any CPU.ActiveCfg = Release|Any CPU
		{74451B45-D20C-4654-BCC0-0C0758CE970B}.Release|Any CPU.Build.0 = Release|Any CPU
		{2938F991-01D9-46BA-968A-C709412B5B93}.Debug|Any CPU.ActiveCfg = Debug|Any CPU
		{2938F991-01D9-46BA-968A-C709412B5B93}.Debug|Any CPU.Build.0 = Debug|Any CPU
		{2938F991-01D9-46BA-968A-C709412B5B93}.Release|Any CPU.ActiveCfg = Release|Any CPU
		{2938F991-01D9-46BA-968A-C709412B5B93}.Release|Any CPU.Build.0 = Release|Any CPU
	EndGlobalSection
	GlobalSection(SolutionProperties) = preSolution
		HideSolutionNode = FALSE
	EndGlobalSection
	GlobalSection(ExtensibilityGlobals) = postSolution
		SolutionGuid = {2F731ABF-35C7-4DE4-A21D-49049352E6D9}
	EndGlobalSection
EndGlobal
